// !$*UTF8*$!
{
	archiveVersion = 1;
	classes = {
	};
	objectVersion = 55;
	objects = {

/* Begin PBXBuildFile section */
		3CB5087928BEFA7000E94295 /* AppDelegate.swift in Sources */ = {isa = PBXBuildFile; fileRef = 3CB5087828BEFA7000E94295 /* AppDelegate.swift */; };
		3CB5087B28BEFA7000E94295 /* SceneDelegate.swift in Sources */ = {isa = PBXBuildFile; fileRef = 3CB5087A28BEFA7000E94295 /* SceneDelegate.swift */; };
		3CB5087D28BEFA7000E94295 /* ViewController.swift in Sources */ = {isa = PBXBuildFile; fileRef = 3CB5087C28BEFA7000E94295 /* ViewController.swift */; };
		3CB5088028BEFA7000E94295 /* Main.storyboard in Resources */ = {isa = PBXBuildFile; fileRef = 3CB5087E28BEFA7000E94295 /* Main.storyboard */; };
		3CB5088328BEFA7000E94295 /* Flux_SearchRepo.xcdatamodeld in Sources */ = {isa = PBXBuildFile; fileRef = 3CB5088128BEFA7000E94295 /* Flux_SearchRepo.xcdatamodeld */; };
		3CB5088528BEFA7300E94295 /* Assets.xcassets in Resources */ = {isa = PBXBuildFile; fileRef = 3CB5088428BEFA7300E94295 /* Assets.xcassets */; };
		3CB5088828BEFA7300E94295 /* LaunchScreen.storyboard in Resources */ = {isa = PBXBuildFile; fileRef = 3CB5088628BEFA7300E94295 /* LaunchScreen.storyboard */; };
		3CB5089328BEFA7300E94295 /* Flux_SearchRepoTests.swift in Sources */ = {isa = PBXBuildFile; fileRef = 3CB5089228BEFA7300E94295 /* Flux_SearchRepoTests.swift */; };
		3CB5089D28BEFA7300E94295 /* Flux_SearchRepoUITests.swift in Sources */ = {isa = PBXBuildFile; fileRef = 3CB5089C28BEFA7300E94295 /* Flux_SearchRepoUITests.swift */; };
		3CB5089F28BEFA7300E94295 /* Flux_SearchRepoUITestsLaunchTests.swift in Sources */ = {isa = PBXBuildFile; fileRef = 3CB5089E28BEFA7300E94295 /* Flux_SearchRepoUITestsLaunchTests.swift */; };
/* End PBXBuildFile section */

/* Begin PBXContainerItemProxy section */
		3CB5088F28BEFA7300E94295 /* PBXContainerItemProxy */ = {
			isa = PBXContainerItemProxy;
			containerPortal = 3CB5086D28BEFA7000E94295 /* Project object */;
			proxyType = 1;
			remoteGlobalIDString = 3CB5087428BEFA7000E94295;
			remoteInfo = Flux_SearchRepo;
		};
		3CB5089928BEFA7300E94295 /* PBXContainerItemProxy */ = {
			isa = PBXContainerItemProxy;
			containerPortal = 3CB5086D28BEFA7000E94295 /* Project object */;
			proxyType = 1;
			remoteGlobalIDString = 3CB5087428BEFA7000E94295;
			remoteInfo = Flux_SearchRepo;
		};
/* End PBXContainerItemProxy section */

/* Begin PBXFileReference section */
		3CB5087528BEFA7000E94295 /* Flux_SearchRepo.app */ = {isa = PBXFileReference; explicitFileType = wrapper.application; includeInIndex = 0; path = Flux_SearchRepo.app; sourceTree = BUILT_PRODUCTS_DIR; };
		3CB5087828BEFA7000E94295 /* AppDelegate.swift */ = {isa = PBXFileReference; lastKnownFileType = sourcecode.swift; path = AppDelegate.swift; sourceTree = "<group>"; };
		3CB5087A28BEFA7000E94295 /* SceneDelegate.swift */ = {isa = PBXFileReference; lastKnownFileType = sourcecode.swift; path = SceneDelegate.swift; sourceTree = "<group>"; };
		3CB5087C28BEFA7000E94295 /* ViewController.swift */ = {isa = PBXFileReference; lastKnownFileType = sourcecode.swift; path = ViewController.swift; sourceTree = "<group>"; };
		3CB5087F28BEFA7000E94295 /* Base */ = {isa = PBXFileReference; lastKnownFileType = file.storyboard; name = Base; path = Base.lproj/Main.storyboard; sourceTree = "<group>"; };
		3CB5088228BEFA7000E94295 /* Flux_SearchRepo.xcdatamodel */ = {isa = PBXFileReference; lastKnownFileType = wrapper.xcdatamodel; path = Flux_SearchRepo.xcdatamodel; sourceTree = "<group>"; };
		3CB5088428BEFA7300E94295 /* Assets.xcassets */ = {isa = PBXFileReference; lastKnownFileType = folder.assetcatalog; path = Assets.xcassets; sourceTree = "<group>"; };
		3CB5088728BEFA7300E94295 /* Base */ = {isa = PBXFileReference; lastKnownFileType = file.storyboard; name = Base; path = Base.lproj/LaunchScreen.storyboard; sourceTree = "<group>"; };
		3CB5088928BEFA7300E94295 /* Info.plist */ = {isa = PBXFileReference; lastKnownFileType = text.plist.xml; path = Info.plist; sourceTree = "<group>"; };
		3CB5088E28BEFA7300E94295 /* Flux_SearchRepoTests.xctest */ = {isa = PBXFileReference; explicitFileType = wrapper.cfbundle; includeInIndex = 0; path = Flux_SearchRepoTests.xctest; sourceTree = BUILT_PRODUCTS_DIR; };
		3CB5089228BEFA7300E94295 /* Flux_SearchRepoTests.swift */ = {isa = PBXFileReference; lastKnownFileType = sourcecode.swift; path = Flux_SearchRepoTests.swift; sourceTree = "<group>"; };
		3CB5089828BEFA7300E94295 /* Flux_SearchRepoUITests.xctest */ = {isa = PBXFileReference; explicitFileType = wrapper.cfbundle; includeInIndex = 0; path = Flux_SearchRepoUITests.xctest; sourceTree = BUILT_PRODUCTS_DIR; };
		3CB5089C28BEFA7300E94295 /* Flux_SearchRepoUITests.swift */ = {isa = PBXFileReference; lastKnownFileType = sourcecode.swift; path = Flux_SearchRepoUITests.swift; sourceTree = "<group>"; };
		3CB5089E28BEFA7300E94295 /* Flux_SearchRepoUITestsLaunchTests.swift */ = {isa = PBXFileReference; lastKnownFileType = sourcecode.swift; path = Flux_SearchRepoUITestsLaunchTests.swift; sourceTree = "<group>"; };
/* End PBXFileReference section */

/* Begin PBXFrameworksBuildPhase section */
		3CB5087228BEFA7000E94295 /* Frameworks */ = {
			isa = PBXFrameworksBuildPhase;
			buildActionMask = 2147483647;
			files = (
			);
			runOnlyForDeploymentPostprocessing = 0;
		};
		3CB5088B28BEFA7300E94295 /* Frameworks */ = {
			isa = PBXFrameworksBuildPhase;
			buildActionMask = 2147483647;
			files = (
			);
			runOnlyForDeploymentPostprocessing = 0;
		};
		3CB5089528BEFA7300E94295 /* Frameworks */ = {
			isa = PBXFrameworksBuildPhase;
			buildActionMask = 2147483647;
			files = (
			);
			runOnlyForDeploymentPostprocessing = 0;
		};
/* End PBXFrameworksBuildPhase section */

/* Begin PBXGroup section */
		3CB5086C28BEFA7000E94295 = {
			isa = PBXGroup;
			children = (
				3CB5087728BEFA7000E94295 /* Flux_SearchRepo */,
				3CB5089128BEFA7300E94295 /* Flux_SearchRepoTests */,
				3CB5089B28BEFA7300E94295 /* Flux_SearchRepoUITests */,
				3CB5087628BEFA7000E94295 /* Products */,
			);
			sourceTree = "<group>";
		};
		3CB5087628BEFA7000E94295 /* Products */ = {
			isa = PBXGroup;
			children = (
				3CB5087528BEFA7000E94295 /* Flux_SearchRepo.app */,
				3CB5088E28BEFA7300E94295 /* Flux_SearchRepoTests.xctest */,
				3CB5089828BEFA7300E94295 /* Flux_SearchRepoUITests.xctest */,
			);
			name = Products;
			sourceTree = "<group>";
		};
		3CB5087728BEFA7000E94295 /* Flux_SearchRepo */ = {
			isa = PBXGroup;
			children = (
				3CB5087828BEFA7000E94295 /* AppDelegate.swift */,
				3CB5087A28BEFA7000E94295 /* SceneDelegate.swift */,
				3CB5087C28BEFA7000E94295 /* ViewController.swift */,
				3CB5087E28BEFA7000E94295 /* Main.storyboard */,
				3CB5088428BEFA7300E94295 /* Assets.xcassets */,
				3CB5088628BEFA7300E94295 /* LaunchScreen.storyboard */,
				3CB5088928BEFA7300E94295 /* Info.plist */,
				3CB5088128BEFA7000E94295 /* Flux_SearchRepo.xcdatamodeld */,
			);
			path = Flux_SearchRepo;
			sourceTree = "<group>";
		};
		3CB5089128BEFA7300E94295 /* Flux_SearchRepoTests */ = {
			isa = PBXGroup;
			children = (
				3CB5089228BEFA7300E94295 /* Flux_SearchRepoTests.swift */,
			);
			path = Flux_SearchRepoTests;
			sourceTree = "<group>";
		};
		3CB5089B28BEFA7300E94295 /* Flux_SearchRepoUITests */ = {
			isa = PBXGroup;
			children = (
				3CB5089C28BEFA7300E94295 /* Flux_SearchRepoUITests.swift */,
				3CB5089E28BEFA7300E94295 /* Flux_SearchRepoUITestsLaunchTests.swift */,
			);
			path = Flux_SearchRepoUITests;
			sourceTree = "<group>";
		};
/* End PBXGroup section */

/* Begin PBXNativeTarget section */
		3CB5087428BEFA7000E94295 /* Flux_SearchRepo */ = {
			isa = PBXNativeTarget;
			buildConfigurationList = 3CB508A228BEFA7300E94295 /* Build configuration list for PBXNativeTarget "Flux_SearchRepo" */;
			buildPhases = (
				3CB5087128BEFA7000E94295 /* Sources */,
				3CB5087228BEFA7000E94295 /* Frameworks */,
				3CB5087328BEFA7000E94295 /* Resources */,
			);
			buildRules = (
			);
			dependencies = (
			);
			name = Flux_SearchRepo;
			productName = Flux_SearchRepo;
			productReference = 3CB5087528BEFA7000E94295 /* Flux_SearchRepo.app */;
			productType = "com.apple.product-type.application";
		};
		3CB5088D28BEFA7300E94295 /* Flux_SearchRepoTests */ = {
			isa = PBXNativeTarget;
			buildConfigurationList = 3CB508A528BEFA7300E94295 /* Build configuration list for PBXNativeTarget "Flux_SearchRepoTests" */;
			buildPhases = (
				3CB5088A28BEFA7300E94295 /* Sources */,
				3CB5088B28BEFA7300E94295 /* Frameworks */,
				3CB5088C28BEFA7300E94295 /* Resources */,
			);
			buildRules = (
			);
			dependencies = (
				3CB5089028BEFA7300E94295 /* PBXTargetDependency */,
			);
			name = Flux_SearchRepoTests;
			productName = Flux_SearchRepoTests;
			productReference = 3CB5088E28BEFA7300E94295 /* Flux_SearchRepoTests.xctest */;
			productType = "com.apple.product-type.bundle.unit-test";
		};
		3CB5089728BEFA7300E94295 /* Flux_SearchRepoUITests */ = {
			isa = PBXNativeTarget;
			buildConfigurationList = 3CB508A828BEFA7300E94295 /* Build configuration list for PBXNativeTarget "Flux_SearchRepoUITests" */;
			buildPhases = (
				3CB5089428BEFA7300E94295 /* Sources */,
				3CB5089528BEFA7300E94295 /* Frameworks */,
				3CB5089628BEFA7300E94295 /* Resources */,
			);
			buildRules = (
			);
			dependencies = (
				3CB5089A28BEFA7300E94295 /* PBXTargetDependency */,
			);
			name = Flux_SearchRepoUITests;
			productName = Flux_SearchRepoUITests;
			productReference = 3CB5089828BEFA7300E94295 /* Flux_SearchRepoUITests.xctest */;
			productType = "com.apple.product-type.bundle.ui-testing";
		};
/* End PBXNativeTarget section */

/* Begin PBXProject section */
		3CB5086D28BEFA7000E94295 /* Project object */ = {
			isa = PBXProject;
			attributes = {
				BuildIndependentTargetsInParallel = 1;
				LastSwiftUpdateCheck = 1340;
				LastUpgradeCheck = 1340;
				TargetAttributes = {
					3CB5087428BEFA7000E94295 = {
						CreatedOnToolsVersion = 13.4.1;
					};
					3CB5088D28BEFA7300E94295 = {
						CreatedOnToolsVersion = 13.4.1;
						TestTargetID = 3CB5087428BEFA7000E94295;
					};
					3CB5089728BEFA7300E94295 = {
						CreatedOnToolsVersion = 13.4.1;
						TestTargetID = 3CB5087428BEFA7000E94295;
					};
				};
			};
			buildConfigurationList = 3CB5087028BEFA7000E94295 /* Build configuration list for PBXProject "Flux_SearchRepo" */;
			compatibilityVersion = "Xcode 13.0";
			developmentRegion = en;
			hasScannedForEncodings = 0;
			knownRegions = (
				en,
				Base,
			);
			mainGroup = 3CB5086C28BEFA7000E94295;
			productRefGroup = 3CB5087628BEFA7000E94295 /* Products */;
			projectDirPath = "";
			projectRoot = "";
			targets = (
				3CB5087428BEFA7000E94295 /* Flux_SearchRepo */,
				3CB5088D28BEFA7300E94295 /* Flux_SearchRepoTests */,
				3CB5089728BEFA7300E94295 /* Flux_SearchRepoUITests */,
			);
		};
/* End PBXProject section */

/* Begin PBXResourcesBuildPhase section */
		3CB5087328BEFA7000E94295 /* Resources */ = {
			isa = PBXResourcesBuildPhase;
			buildActionMask = 2147483647;
			files = (
				3CB5088828BEFA7300E94295 /* LaunchScreen.storyboard in Resources */,
				3CB5088528BEFA7300E94295 /* Assets.xcassets in Resources */,
				3CB5088028BEFA7000E94295 /* Main.storyboard in Resources */,
			);
			runOnlyForDeploymentPostprocessing = 0;
		};
		3CB5088C28BEFA7300E94295 /* Resources */ = {
			isa = PBXResourcesBuildPhase;
			buildActionMask = 2147483647;
			files = (
			);
			runOnlyForDeploymentPostprocessing = 0;
		};
		3CB5089628BEFA7300E94295 /* Resources */ = {
			isa = PBXResourcesBuildPhase;
			buildActionMask = 2147483647;
			files = (
			);
			runOnlyForDeploymentPostprocessing = 0;
		};
/* End PBXResourcesBuildPhase section */

/* Begin PBXSourcesBuildPhase section */
		3CB5087128BEFA7000E94295 /* Sources */ = {
			isa = PBXSourcesBuildPhase;
			buildActionMask = 2147483647;
			files = (
				3CB5087D28BEFA7000E94295 /* ViewController.swift in Sources */,
				3CB5087928BEFA7000E94295 /* AppDelegate.swift in Sources */,
				3CB5088328BEFA7000E94295 /* Flux_SearchRepo.xcdatamodeld in Sources */,
				3CB5087B28BEFA7000E94295 /* SceneDelegate.swift in Sources */,
			);
			runOnlyForDeploymentPostprocessing = 0;
		};
		3CB5088A28BEFA7300E94295 /* Sources */ = {
			isa = PBXSourcesBuildPhase;
			buildActionMask = 2147483647;
			files = (
				3CB5089328BEFA7300E94295 /* Flux_SearchRepoTests.swift in Sources */,
			);
			runOnlyForDeploymentPostprocessing = 0;
		};
		3CB5089428BEFA7300E94295 /* Sources */ = {
			isa = PBXSourcesBuildPhase;
			buildActionMask = 2147483647;
			files = (
				3CB5089D28BEFA7300E94295 /* Flux_SearchRepoUITests.swift in Sources */,
				3CB5089F28BEFA7300E94295 /* Flux_SearchRepoUITestsLaunchTests.swift in Sources */,
			);
			runOnlyForDeploymentPostprocessing = 0;
		};
/* End PBXSourcesBuildPhase section */

/* Begin PBXTargetDependency section */
		3CB5089028BEFA7300E94295 /* PBXTargetDependency */ = {
			isa = PBXTargetDependency;
			target = 3CB5087428BEFA7000E94295 /* Flux_SearchRepo */;
			targetProxy = 3CB5088F28BEFA7300E94295 /* PBXContainerItemProxy */;
		};
		3CB5089A28BEFA7300E94295 /* PBXTargetDependency */ = {
			isa = PBXTargetDependency;
			target = 3CB5087428BEFA7000E94295 /* Flux_SearchRepo */;
			targetProxy = 3CB5089928BEFA7300E94295 /* PBXContainerItemProxy */;
		};
/* End PBXTargetDependency section */

/* Begin PBXVariantGroup section */
		3CB5087E28BEFA7000E94295 /* Main.storyboard */ = {
			isa = PBXVariantGroup;
			children = (
				3CB5087F28BEFA7000E94295 /* Base */,
			);
			name = Main.storyboard;
			sourceTree = "<group>";
		};
		3CB5088628BEFA7300E94295 /* LaunchScreen.storyboard */ = {
			isa = PBXVariantGroup;
			children = (
				3CB5088728BEFA7300E94295 /* Base */,
			);
			name = LaunchScreen.storyboard;
			sourceTree = "<group>";
		};
/* End PBXVariantGroup section */

/* Begin XCBuildConfiguration section */
		3CB508A028BEFA7300E94295 /* Debug */ = {
			isa = XCBuildConfiguration;
			buildSettings = {
				ALWAYS_SEARCH_USER_PATHS = NO;
				CLANG_ANALYZER_NONNULL = YES;
				CLANG_ANALYZER_NUMBER_OBJECT_CONVERSION = YES_AGGRESSIVE;
				CLANG_CXX_LANGUAGE_STANDARD = "gnu++17";
				CLANG_ENABLE_MODULES = YES;
				CLANG_ENABLE_OBJC_ARC = YES;
				CLANG_ENABLE_OBJC_WEAK = YES;
				CLANG_WARN_BLOCK_CAPTURE_AUTORELEASING = YES;
				CLANG_WARN_BOOL_CONVERSION = YES;
				CLANG_WARN_COMMA = YES;
				CLANG_WARN_CONSTANT_CONVERSION = YES;
				CLANG_WARN_DEPRECATED_OBJC_IMPLEMENTATIONS = YES;
				CLANG_WARN_DIRECT_OBJC_ISA_USAGE = YES_ERROR;
				CLANG_WARN_DOCUMENTATION_COMMENTS = YES;
				CLANG_WARN_EMPTY_BODY = YES;
				CLANG_WARN_ENUM_CONVERSION = YES;
				CLANG_WARN_INFINITE_RECURSION = YES;
				CLANG_WARN_INT_CONVERSION = YES;
				CLANG_WARN_NON_LITERAL_NULL_CONVERSION = YES;
				CLANG_WARN_OBJC_IMPLICIT_RETAIN_SELF = YES;
				CLANG_WARN_OBJC_LITERAL_CONVERSION = YES;
				CLANG_WARN_OBJC_ROOT_CLASS = YES_ERROR;
				CLANG_WARN_QUOTED_INCLUDE_IN_FRAMEWORK_HEADER = YES;
				CLANG_WARN_RANGE_LOOP_ANALYSIS = YES;
				CLANG_WARN_STRICT_PROTOTYPES = YES;
				CLANG_WARN_SUSPICIOUS_MOVE = YES;
				CLANG_WARN_UNGUARDED_AVAILABILITY = YES_AGGRESSIVE;
				CLANG_WARN_UNREACHABLE_CODE = YES;
				CLANG_WARN__DUPLICATE_METHOD_MATCH = YES;
				COPY_PHASE_STRIP = NO;
				DEBUG_INFORMATION_FORMAT = dwarf;
				ENABLE_STRICT_OBJC_MSGSEND = YES;
				ENABLE_TESTABILITY = YES;
				GCC_C_LANGUAGE_STANDARD = gnu11;
				GCC_DYNAMIC_NO_PIC = NO;
				GCC_NO_COMMON_BLOCKS = YES;
				GCC_OPTIMIZATION_LEVEL = 0;
				GCC_PREPROCESSOR_DEFINITIONS = (
					"DEBUG=1",
					"$(inherited)",
				);
				GCC_WARN_64_TO_32_BIT_CONVERSION = YES;
				GCC_WARN_ABOUT_RETURN_TYPE = YES_ERROR;
				GCC_WARN_UNDECLARED_SELECTOR = YES;
				GCC_WARN_UNINITIALIZED_AUTOS = YES_AGGRESSIVE;
				GCC_WARN_UNUSED_FUNCTION = YES;
				GCC_WARN_UNUSED_VARIABLE = YES;
				IPHONEOS_DEPLOYMENT_TARGET = 15.5;
				MTL_ENABLE_DEBUG_INFO = INCLUDE_SOURCE;
				MTL_FAST_MATH = YES;
				ONLY_ACTIVE_ARCH = YES;
				SDKROOT = iphoneos;
				SWIFT_ACTIVE_COMPILATION_CONDITIONS = DEBUG;
				SWIFT_OPTIMIZATION_LEVEL = "-Onone";
			};
			name = Debug;
		};
		3CB508A128BEFA7300E94295 /* Release */ = {
			isa = XCBuildConfiguration;
			buildSettings = {
				ALWAYS_SEARCH_USER_PATHS = NO;
				CLANG_ANALYZER_NONNULL = YES;
				CLANG_ANALYZER_NUMBER_OBJECT_CONVERSION = YES_AGGRESSIVE;
				CLANG_CXX_LANGUAGE_STANDARD = "gnu++17";
				CLANG_ENABLE_MODULES = YES;
				CLANG_ENABLE_OBJC_ARC = YES;
				CLANG_ENABLE_OBJC_WEAK = YES;
				CLANG_WARN_BLOCK_CAPTURE_AUTORELEASING = YES;
				CLANG_WARN_BOOL_CONVERSION = YES;
				CLANG_WARN_COMMA = YES;
				CLANG_WARN_CONSTANT_CONVERSION = YES;
				CLANG_WARN_DEPRECATED_OBJC_IMPLEMENTATIONS = YES;
				CLANG_WARN_DIRECT_OBJC_ISA_USAGE = YES_ERROR;
				CLANG_WARN_DOCUMENTATION_COMMENTS = YES;
				CLANG_WARN_EMPTY_BODY = YES;
				CLANG_WARN_ENUM_CONVERSION = YES;
				CLANG_WARN_INFINITE_RECURSION = YES;
				CLANG_WARN_INT_CONVERSION = YES;
				CLANG_WARN_NON_LITERAL_NULL_CONVERSION = YES;
				CLANG_WARN_OBJC_IMPLICIT_RETAIN_SELF = YES;
				CLANG_WARN_OBJC_LITERAL_CONVERSION = YES;
				CLANG_WARN_OBJC_ROOT_CLASS = YES_ERROR;
				CLANG_WARN_QUOTED_INCLUDE_IN_FRAMEWORK_HEADER = YES;
				CLANG_WARN_RANGE_LOOP_ANALYSIS = YES;
				CLANG_WARN_STRICT_PROTOTYPES = YES;
				CLANG_WARN_SUSPICIOUS_MOVE = YES;
				CLANG_WARN_UNGUARDED_AVAILABILITY = YES_AGGRESSIVE;
				CLANG_WARN_UNREACHABLE_CODE = YES;
				CLANG_WARN__DUPLICATE_METHOD_MATCH = YES;
				COPY_PHASE_STRIP = NO;
				DEBUG_INFORMATION_FORMAT = "dwarf-with-dsym";
				ENABLE_NS_ASSERTIONS = NO;
				ENABLE_STRICT_OBJC_MSGSEND = YES;
				GCC_C_LANGUAGE_STANDARD = gnu11;
				GCC_NO_COMMON_BLOCKS = YES;
				GCC_WARN_64_TO_32_BIT_CONVERSION = YES;
				GCC_WARN_ABOUT_RETURN_TYPE = YES_ERROR;
				GCC_WARN_UNDECLARED_SELECTOR = YES;
				GCC_WARN_UNINITIALIZED_AUTOS = YES_AGGRESSIVE;
				GCC_WARN_UNUSED_FUNCTION = YES;
				GCC_WARN_UNUSED_VARIABLE = YES;
				IPHONEOS_DEPLOYMENT_TARGET = 15.5;
				MTL_ENABLE_DEBUG_INFO = NO;
				MTL_FAST_MATH = YES;
				SDKROOT = iphoneos;
				SWIFT_COMPILATION_MODE = wholemodule;
				SWIFT_OPTIMIZATION_LEVEL = "-O";
				VALIDATE_PRODUCT = YES;
			};
			name = Release;
		};
		3CB508A328BEFA7300E94295 /* Debug */ = {
			isa = XCBuildConfiguration;
			buildSettings = {
				ASSETCATALOG_COMPILER_APPICON_NAME = AppIcon;
				ASSETCATALOG_COMPILER_GLOBAL_ACCENT_COLOR_NAME = AccentColor;
				CODE_SIGN_STYLE = Automatic;
				CURRENT_PROJECT_VERSION = 1;
				DEVELOPMENT_TEAM = WD8VB9S8R7;
				GENERATE_INFOPLIST_FILE = YES;
				INFOPLIST_FILE = Flux_SearchRepo/Info.plist;
				INFOPLIST_KEY_UIApplicationSupportsIndirectInputEvents = YES;
				INFOPLIST_KEY_UILaunchStoryboardName = LaunchScreen;
				INFOPLIST_KEY_UIMainStoryboardFile = Main;
				INFOPLIST_KEY_UISupportedInterfaceOrientations_iPad = "UIInterfaceOrientationPortrait UIInterfaceOrientationPortraitUpsideDown UIInterfaceOrientationLandscapeLeft UIInterfaceOrientationLandscapeRight";
				INFOPLIST_KEY_UISupportedInterfaceOrientations_iPhone = "UIInterfaceOrientationPortrait UIInterfaceOrientationLandscapeLeft UIInterfaceOrientationLandscapeRight";
				LD_RUNPATH_SEARCH_PATHS = (
					"$(inherited)",
					"@executable_path/Frameworks",
				);
				MARKETING_VERSION = 1.0;
				PRODUCT_BUNDLE_IDENTIFIER = "com.tonyLab.Flux-SearchRepo";
				PRODUCT_NAME = "$(TARGET_NAME)";
				SWIFT_EMIT_LOC_STRINGS = YES;
				SWIFT_VERSION = 5.0;
				TARGETED_DEVICE_FAMILY = "1,2";
			};
			name = Debug;
		};
		3CB508A428BEFA7300E94295 /* Release */ = {
			isa = XCBuildConfiguration;
			buildSettings = {
				ASSETCATALOG_COMPILER_APPICON_NAME = AppIcon;
				ASSETCATALOG_COMPILER_GLOBAL_ACCENT_COLOR_NAME = AccentColor;
				CODE_SIGN_STYLE = Automatic;
				CURRENT_PROJECT_VERSION = 1;
				DEVELOPMENT_TEAM = WD8VB9S8R7;
				GENERATE_INFOPLIST_FILE = YES;
				INFOPLIST_FILE = Flux_SearchRepo/Info.plist;
				INFOPLIST_KEY_UIApplicationSupportsIndirectInputEvents = YES;
				INFOPLIST_KEY_UILaunchStoryboardName = LaunchScreen;
				INFOPLIST_KEY_UIMainStoryboardFile = Main;
				INFOPLIST_KEY_UISupportedInterfaceOrientations_iPad = "UIInterfaceOrientationPortrait UIInterfaceOrientationPortraitUpsideDown UIInterfaceOrientationLandscapeLeft UIInterfaceOrientationLandscapeRight";
				INFOPLIST_KEY_UISupportedInterfaceOrientations_iPhone = "UIInterfaceOrientationPortrait UIInterfaceOrientationLandscapeLeft UIInterfaceOrientationLandscapeRight";
				LD_RUNPATH_SEARCH_PATHS = (
					"$(inherited)",
					"@executable_path/Frameworks",
				);
				MARKETING_VERSION = 1.0;
				PRODUCT_BUNDLE_IDENTIFIER = "com.tonyLab.Flux-SearchRepo";
				PRODUCT_NAME = "$(TARGET_NAME)";
				SWIFT_EMIT_LOC_STRINGS = YES;
				SWIFT_VERSION = 5.0;
				TARGETED_DEVICE_FAMILY = "1,2";
			};
			name = Release;
		};
		3CB508A628BEFA7300E94295 /* Debug */ = {
			isa = XCBuildConfiguration;
			buildSettings = {
				ALWAYS_EMBED_SWIFT_STANDARD_LIBRARIES = YES;
				BUNDLE_LOADER = "$(TEST_HOST)";
				CODE_SIGN_STYLE = Automatic;
				CURRENT_PROJECT_VERSION = 1;
				DEVELOPMENT_TEAM = WD8VB9S8R7;
				GENERATE_INFOPLIST_FILE = YES;
				IPHONEOS_DEPLOYMENT_TARGET = 15.5;
				MARKETING_VERSION = 1.0;
				PRODUCT_BUNDLE_IDENTIFIER = "com.tonyLab.Flux-SearchRepoTests";
				PRODUCT_NAME = "$(TARGET_NAME)";
				SWIFT_EMIT_LOC_STRINGS = NO;
				SWIFT_VERSION = 5.0;
				TARGETED_DEVICE_FAMILY = "1,2";
				TEST_HOST = "$(BUILT_PRODUCTS_DIR)/Flux_SearchRepo.app/Flux_SearchRepo";
			};
			name = Debug;
		};
		3CB508A728BEFA7300E94295 /* Release */ = {
			isa = XCBuildConfiguration;
			buildSettings = {
				ALWAYS_EMBED_SWIFT_STANDARD_LIBRARIES = YES;
				BUNDLE_LOADER = "$(TEST_HOST)";
				CODE_SIGN_STYLE = Automatic;
				CURRENT_PROJECT_VERSION = 1;
				DEVELOPMENT_TEAM = WD8VB9S8R7;
				GENERATE_INFOPLIST_FILE = YES;
				IPHONEOS_DEPLOYMENT_TARGET = 15.5;
				MARKETING_VERSION = 1.0;
				PRODUCT_BUNDLE_IDENTIFIER = "com.tonyLab.Flux-SearchRepoTests";
				PRODUCT_NAME = "$(TARGET_NAME)";
				SWIFT_EMIT_LOC_STRINGS = NO;
				SWIFT_VERSION = 5.0;
				TARGETED_DEVICE_FAMILY = "1,2";
				TEST_HOST = "$(BUILT_PRODUCTS_DIR)/Flux_SearchRepo.app/Flux_SearchRepo";
			};
			name = Release;
		};
		3CB508A928BEFA7300E94295 /* Debug */ = {
			isa = XCBuildConfiguration;
			buildSettings = {
				ALWAYS_EMBED_SWIFT_STANDARD_LIBRARIES = YES;
				CODE_SIGN_STYLE = Automatic;
				CURRENT_PROJECT_VERSION = 1;
				DEVELOPMENT_TEAM = WD8VB9S8R7;
				GENERATE_INFOPLIST_FILE = YES;
				MARKETING_VERSION = 1.0;
				PRODUCT_BUNDLE_IDENTIFIER = "com.tonyLab.Flux-SearchRepoUITests";
				PRODUCT_NAME = "$(TARGET_NAME)";
				SWIFT_EMIT_LOC_STRINGS = NO;
				SWIFT_VERSION = 5.0;
				TARGETED_DEVICE_FAMILY = "1,2";
				TEST_TARGET_NAME = Flux_SearchRepo;
			};
			name = Debug;
		};
		3CB508AA28BEFA7300E94295 /* Release */ = {
			isa = XCBuildConfiguration;
			buildSettings = {
				ALWAYS_EMBED_SWIFT_STANDARD_LIBRARIES = YES;
				CODE_SIGN_STYLE = Automatic;
				CURRENT_PROJECT_VERSION = 1;
				DEVELOPMENT_TEAM = WD8VB9S8R7;
				GENERATE_INFOPLIST_FILE = YES;
				MARKETING_VERSION = 1.0;
				PRODUCT_BUNDLE_IDENTIFIER = "com.tonyLab.Flux-SearchRepoUITests";
				PRODUCT_NAME = "$(TARGET_NAME)";
				SWIFT_EMIT_LOC_STRINGS = NO;
				SWIFT_VERSION = 5.0;
				TARGETED_DEVICE_FAMILY = "1,2";
				TEST_TARGET_NAME = Flux_SearchRepo;
			};
			name = Release;
		};
/* End XCBuildConfiguration section */

/* Begin XCConfigurationList section */
		3CB5087028BEFA7000E94295 /* Build configuration list for PBXProject "Flux_SearchRepo" */ = {
			isa = XCConfigurationList;
			buildConfigurations = (
				3CB508A028BEFA7300E94295 /* Debug */,
				3CB508A128BEFA7300E94295 /* Release */,
			);
			defaultConfigurationIsVisible = 0;
			defaultConfigurationName = Release;
		};
		3CB508A228BEFA7300E94295 /* Build configuration list for PBXNativeTarget "Flux_SearchRepo" */ = {
			isa = XCConfigurationList;
			buildConfigurations = (
				3CB508A328BEFA7300E94295 /* Debug */,
				3CB508A428BEFA7300E94295 /* Release */,
			);
			defaultConfigurationIsVisible = 0;
			defaultConfigurationName = Release;
		};
		3CB508A528BEFA7300E94295 /* Build configuration list for PBXNativeTarget "Flux_SearchRepoTests" */ = {
			isa = XCConfigurationList;
			buildConfigurations = (
				3CB508A628BEFA7300E94295 /* Debug */,
				3CB508A728BEFA7300E94295 /* Release */,
			);
			defaultConfigurationIsVisible = 0;
			defaultConfigurationName = Release;
		};
		3CB508A828BEFA7300E94295 /* Build configuration list for PBXNativeTarget "Flux_SearchRepoUITests" */ = {
			isa = XCConfigurationList;
			buildConfigurations = (
				3CB508A928BEFA7300E94295 /* Debug */,
				3CB508AA28BEFA7300E94295 /* Release */,
			);
			defaultConfigurationIsVisible = 0;
			defaultConfigurationName = Release;
		};
/* End XCConfigurationList section */

/* Begin XCVersionGroup section */
		3CB5088128BEFA7000E94295 /* Flux_SearchRepo.xcdatamodeld */ = {
			isa = XCVersionGroup;
			children = (
				3CB5088228BEFA7000E94295 /* Flux_SearchRepo.xcdatamodel */,
			);
			currentVersion = 3CB5088228BEFA7000E94295 /* Flux_SearchRepo.xcdatamodel */;
			path = Flux_SearchRepo.xcdatamodeld;
			sourceTree = "<group>";
			versionGroupType = wrapper.xcdatamodel;
		};
/* End XCVersionGroup section */
	};
	rootObject = 3CB5086D28BEFA7000E94295 /* Project object */;
}
